// !$*UTF8*$!
{
	archiveVersion = 1;
	classes = {
	};
	objectVersion = 55;
	objects = {

/* Begin PBXBuildFile section */
		39327AED2B0AA674002090C6 /* CreateTableView.swift in Sources */ = {isa = PBXBuildFile; fileRef = 39327AEC2B0AA674002090C6 /* CreateTableView.swift */; };
		3956A9952B0897C3002CA5D0 /* word_app_iosApp.swift in Sources */ = {isa = PBXBuildFile; fileRef = 3956A9942B0897C3002CA5D0 /* word_app_iosApp.swift */; };
		3956A9972B0897C3002CA5D0 /* ContentView.swift in Sources */ = {isa = PBXBuildFile; fileRef = 3956A9962B0897C3002CA5D0 /* ContentView.swift */; };
		3956A9992B0897C6002CA5D0 /* Assets.xcassets in Resources */ = {isa = PBXBuildFile; fileRef = 3956A9982B0897C6002CA5D0 /* Assets.xcassets */; };
		3956A99C2B0897C6002CA5D0 /* Preview Assets.xcassets in Resources */ = {isa = PBXBuildFile; fileRef = 3956A99B2B0897C6002CA5D0 /* Preview Assets.xcassets */; };
		3956A9A62B0897C6002CA5D0 /* word_app_iosTests.swift in Sources */ = {isa = PBXBuildFile; fileRef = 3956A9A52B0897C6002CA5D0 /* word_app_iosTests.swift */; };
		3956A9B02B0897C6002CA5D0 /* word_app_iosUITests.swift in Sources */ = {isa = PBXBuildFile; fileRef = 3956A9AF2B0897C6002CA5D0 /* word_app_iosUITests.swift */; };
		3956A9B22B0897C6002CA5D0 /* word_app_iosUITestsLaunchTests.swift in Sources */ = {isa = PBXBuildFile; fileRef = 3956A9B12B0897C6002CA5D0 /* word_app_iosUITestsLaunchTests.swift */; };
		3956A9BF2B089C8D002CA5D0 /* HomeView.swift in Sources */ = {isa = PBXBuildFile; fileRef = 3956A9BE2B089C8D002CA5D0 /* HomeView.swift */; };
		3956A9C12B089CB9002CA5D0 /* MeView.swift in Sources */ = {isa = PBXBuildFile; fileRef = 3956A9C02B089CB9002CA5D0 /* MeView.swift */; };
		3956A9C52B08B023002CA5D0 /* UserApi.swift in Sources */ = {isa = PBXBuildFile; fileRef = 3956A9C42B08B023002CA5D0 /* UserApi.swift */; };
		3956A9C82B08B7AC002CA5D0 /* LoginUser.swift in Sources */ = {isa = PBXBuildFile; fileRef = 3956A9C72B08B7AC002CA5D0 /* LoginUser.swift */; };
		3956A9CA2B097458002CA5D0 /* TableApi.swift in Sources */ = {isa = PBXBuildFile; fileRef = 3956A9C92B097457002CA5D0 /* TableApi.swift */; };
		3956A9CC2B097552002CA5D0 /* GetTables.swift in Sources */ = {isa = PBXBuildFile; fileRef = 3956A9CB2B097552002CA5D0 /* GetTables.swift */; };
		39608E3C2B09AC5700071EEB /* Config.swift in Sources */ = {isa = PBXBuildFile; fileRef = 39608E3B2B09AC5700071EEB /* Config.swift */; };
		39608E3F2B09B19400071EEB /* ItemButton.swift in Sources */ = {isa = PBXBuildFile; fileRef = 39608E3E2B09B19400071EEB /* ItemButton.swift */; };
		39608E412B09B50000071EEB /* ActionButton.swift in Sources */ = {isa = PBXBuildFile; fileRef = 39608E402B09B50000071EEB /* ActionButton.swift */; };
		39D76C0A2B0C88F600E23D65 /* WordApi.swift in Sources */ = {isa = PBXBuildFile; fileRef = 39D76C092B0C88F600E23D65 /* WordApi.swift */; };
		39D76C0C2B0C8B0100E23D65 /* WordStruct.swift in Sources */ = {isa = PBXBuildFile; fileRef = 39D76C0B2B0C8B0100E23D65 /* WordStruct.swift */; };
		39D76C0E2B0C96A000E23D65 /* TableView.swift in Sources */ = {isa = PBXBuildFile; fileRef = 39D76C0D2B0C96A000E23D65 /* TableView.swift */; };
		39D76C102B0C9C0000E23D65 /* CreateWordView.swift in Sources */ = {isa = PBXBuildFile; fileRef = 39D76C0F2B0C9C0000E23D65 /* CreateWordView.swift */; };
/* End PBXBuildFile section */

/* Begin PBXContainerItemProxy section */
		3956A9A22B0897C6002CA5D0 /* PBXContainerItemProxy */ = {
			isa = PBXContainerItemProxy;
			containerPortal = 3956A9892B0897C3002CA5D0 /* Project object */;
			proxyType = 1;
			remoteGlobalIDString = 3956A9902B0897C3002CA5D0;
			remoteInfo = "word-app-ios";
		};
		3956A9AC2B0897C6002CA5D0 /* PBXContainerItemProxy */ = {
			isa = PBXContainerItemProxy;
			containerPortal = 3956A9892B0897C3002CA5D0 /* Project object */;
			proxyType = 1;
			remoteGlobalIDString = 3956A9902B0897C3002CA5D0;
			remoteInfo = "word-app-ios";
		};
/* End PBXContainerItemProxy section */

/* Begin PBXFileReference section */
		39327AEC2B0AA674002090C6 /* CreateTableView.swift */ = {isa = PBXFileReference; lastKnownFileType = sourcecode.swift; path = CreateTableView.swift; sourceTree = "<group>"; };
		3956A9912B0897C3002CA5D0 /* word-app-ios.app */ = {isa = PBXFileReference; explicitFileType = wrapper.application; includeInIndex = 0; path = "word-app-ios.app"; sourceTree = BUILT_PRODUCTS_DIR; };
		3956A9942B0897C3002CA5D0 /* word_app_iosApp.swift */ = {isa = PBXFileReference; lastKnownFileType = sourcecode.swift; path = word_app_iosApp.swift; sourceTree = "<group>"; };
		3956A9962B0897C3002CA5D0 /* ContentView.swift */ = {isa = PBXFileReference; lastKnownFileType = sourcecode.swift; path = ContentView.swift; sourceTree = "<group>"; };
		3956A9982B0897C6002CA5D0 /* Assets.xcassets */ = {isa = PBXFileReference; lastKnownFileType = folder.assetcatalog; path = Assets.xcassets; sourceTree = "<group>"; };
		3956A99B2B0897C6002CA5D0 /* Preview Assets.xcassets */ = {isa = PBXFileReference; lastKnownFileType = folder.assetcatalog; path = "Preview Assets.xcassets"; sourceTree = "<group>"; };
		3956A9A12B0897C6002CA5D0 /* word-app-iosTests.xctest */ = {isa = PBXFileReference; explicitFileType = wrapper.cfbundle; includeInIndex = 0; path = "word-app-iosTests.xctest"; sourceTree = BUILT_PRODUCTS_DIR; };
		3956A9A52B0897C6002CA5D0 /* word_app_iosTests.swift */ = {isa = PBXFileReference; lastKnownFileType = sourcecode.swift; path = word_app_iosTests.swift; sourceTree = "<group>"; };
		3956A9AB2B0897C6002CA5D0 /* word-app-iosUITests.xctest */ = {isa = PBXFileReference; explicitFileType = wrapper.cfbundle; includeInIndex = 0; path = "word-app-iosUITests.xctest"; sourceTree = BUILT_PRODUCTS_DIR; };
		3956A9AF2B0897C6002CA5D0 /* word_app_iosUITests.swift */ = {isa = PBXFileReference; lastKnownFileType = sourcecode.swift; path = word_app_iosUITests.swift; sourceTree = "<group>"; };
		3956A9B12B0897C6002CA5D0 /* word_app_iosUITestsLaunchTests.swift */ = {isa = PBXFileReference; lastKnownFileType = sourcecode.swift; path = word_app_iosUITestsLaunchTests.swift; sourceTree = "<group>"; };
		3956A9BE2B089C8D002CA5D0 /* HomeView.swift */ = {isa = PBXFileReference; lastKnownFileType = sourcecode.swift; path = HomeView.swift; sourceTree = "<group>"; };
		3956A9C02B089CB9002CA5D0 /* MeView.swift */ = {isa = PBXFileReference; lastKnownFileType = sourcecode.swift; path = MeView.swift; sourceTree = "<group>"; };
		3956A9C42B08B023002CA5D0 /* UserApi.swift */ = {isa = PBXFileReference; lastKnownFileType = sourcecode.swift; path = UserApi.swift; sourceTree = "<group>"; };
		3956A9C72B08B7AC002CA5D0 /* LoginUser.swift */ = {isa = PBXFileReference; lastKnownFileType = sourcecode.swift; path = LoginUser.swift; sourceTree = "<group>"; };
		3956A9C92B097457002CA5D0 /* TableApi.swift */ = {isa = PBXFileReference; lastKnownFileType = sourcecode.swift; path = TableApi.swift; sourceTree = "<group>"; };
		3956A9CB2B097552002CA5D0 /* GetTables.swift */ = {isa = PBXFileReference; lastKnownFileType = sourcecode.swift; path = GetTables.swift; sourceTree = "<group>"; };
		39608E3B2B09AC5700071EEB /* Config.swift */ = {isa = PBXFileReference; lastKnownFileType = sourcecode.swift; path = Config.swift; sourceTree = "<group>"; };
		39608E3E2B09B19400071EEB /* ItemButton.swift */ = {isa = PBXFileReference; lastKnownFileType = sourcecode.swift; path = ItemButton.swift; sourceTree = "<group>"; };
		39608E402B09B50000071EEB /* ActionButton.swift */ = {isa = PBXFileReference; lastKnownFileType = sourcecode.swift; path = ActionButton.swift; sourceTree = "<group>"; };
		39D76C092B0C88F600E23D65 /* WordApi.swift */ = {isa = PBXFileReference; lastKnownFileType = sourcecode.swift; path = WordApi.swift; sourceTree = "<group>"; };
		39D76C0B2B0C8B0100E23D65 /* WordStruct.swift */ = {isa = PBXFileReference; lastKnownFileType = sourcecode.swift; path = WordStruct.swift; sourceTree = "<group>"; };
		39D76C0D2B0C96A000E23D65 /* TableView.swift */ = {isa = PBXFileReference; lastKnownFileType = sourcecode.swift; path = TableView.swift; sourceTree = "<group>"; };
		39D76C0F2B0C9C0000E23D65 /* CreateWordView.swift */ = {isa = PBXFileReference; lastKnownFileType = sourcecode.swift; path = CreateWordView.swift; sourceTree = "<group>"; };
/* End PBXFileReference section */

/* Begin PBXFrameworksBuildPhase section */
		3956A98E2B0897C3002CA5D0 /* Frameworks */ = {
			isa = PBXFrameworksBuildPhase;
			buildActionMask = 2147483647;
			files = (
			);
			runOnlyForDeploymentPostprocessing = 0;
		};
		3956A99E2B0897C6002CA5D0 /* Frameworks */ = {
			isa = PBXFrameworksBuildPhase;
			buildActionMask = 2147483647;
			files = (
			);
			runOnlyForDeploymentPostprocessing = 0;
		};
		3956A9A82B0897C6002CA5D0 /* Frameworks */ = {
			isa = PBXFrameworksBuildPhase;
			buildActionMask = 2147483647;
			files = (
			);
			runOnlyForDeploymentPostprocessing = 0;
		};
/* End PBXFrameworksBuildPhase section */

/* Begin PBXGroup section */
		3956A9882B0897C3002CA5D0 = {
			isa = PBXGroup;
			children = (
				3956A9932B0897C3002CA5D0 /* word-app-ios */,
				3956A9A42B0897C6002CA5D0 /* word-app-iosTests */,
				3956A9AE2B0897C6002CA5D0 /* word-app-iosUITests */,
				3956A9922B0897C3002CA5D0 /* Products */,
			);
			sourceTree = "<group>";
		};
		3956A9922B0897C3002CA5D0 /* Products */ = {
			isa = PBXGroup;
			children = (
				3956A9912B0897C3002CA5D0 /* word-app-ios.app */,
				3956A9A12B0897C6002CA5D0 /* word-app-iosTests.xctest */,
				3956A9AB2B0897C6002CA5D0 /* word-app-iosUITests.xctest */,
			);
			name = Products;
			sourceTree = "<group>";
		};
		3956A9932B0897C3002CA5D0 /* word-app-ios */ = {
			isa = PBXGroup;
			children = (
				39D76C562B0EC78F00E23D65 /* Models */,
				39D76C552B0EC6DE00E23D65 /* Lifecycle */,
				39608E3D2B09B16A00071EEB /* Components */,
				3956A9C32B08AFE4002CA5D0 /* Utils */,
				3956A9C22B08AF48002CA5D0 /* Views */,
				3956A9982B0897C6002CA5D0 /* Assets.xcassets */,
				3956A99A2B0897C6002CA5D0 /* Preview Content */,
			);
			path = "word-app-ios";
			sourceTree = "<group>";
		};
		3956A99A2B0897C6002CA5D0 /* Preview Content */ = {
			isa = PBXGroup;
			children = (
				3956A99B2B0897C6002CA5D0 /* Preview Assets.xcassets */,
			);
			path = "Preview Content";
			sourceTree = "<group>";
		};
		3956A9A42B0897C6002CA5D0 /* word-app-iosTests */ = {
			isa = PBXGroup;
			children = (
				3956A9A52B0897C6002CA5D0 /* word_app_iosTests.swift */,
			);
			path = "word-app-iosTests";
			sourceTree = "<group>";
		};
		3956A9AE2B0897C6002CA5D0 /* word-app-iosUITests */ = {
			isa = PBXGroup;
			children = (
				3956A9AF2B0897C6002CA5D0 /* word_app_iosUITests.swift */,
				3956A9B12B0897C6002CA5D0 /* word_app_iosUITestsLaunchTests.swift */,
			);
			path = "word-app-iosUITests";
			sourceTree = "<group>";
		};
		3956A9C22B08AF48002CA5D0 /* Views */ = {
			isa = PBXGroup;
			children = (
				3956A9962B0897C3002CA5D0 /* ContentView.swift */,
				3956A9BE2B089C8D002CA5D0 /* HomeView.swift */,
				39D76C0D2B0C96A000E23D65 /* TableView.swift */,
				3956A9C02B089CB9002CA5D0 /* MeView.swift */,
				39327AEC2B0AA674002090C6 /* CreateTableView.swift */,
				39D76C0F2B0C9C0000E23D65 /* CreateWordView.swift */,
			);
			path = Views;
			sourceTree = "<group>";
		};
		3956A9C32B08AFE4002CA5D0 /* Utils */ = {
			isa = PBXGroup;
			children = (
				3956A9C42B08B023002CA5D0 /* UserApi.swift */,
				39608E3B2B09AC5700071EEB /* Config.swift */,
				3956A9C92B097457002CA5D0 /* TableApi.swift */,
				39D76C092B0C88F600E23D65 /* WordApi.swift */,
			);
			path = Utils;
			sourceTree = "<group>";
		};
		39608E3D2B09B16A00071EEB /* Components */ = {
			isa = PBXGroup;
			children = (
				39608E3E2B09B19400071EEB /* ItemButton.swift */,
				39608E402B09B50000071EEB /* ActionButton.swift */,
			);
			path = Components;
			sourceTree = "<group>";
		};
		39D76C552B0EC6DE00E23D65 /* Lifecycle */ = {
			isa = PBXGroup;
			children = (
				3956A9942B0897C3002CA5D0 /* word_app_iosApp.swift */,
			);
			path = Lifecycle;
			sourceTree = "<group>";
		};
		39D76C562B0EC78F00E23D65 /* Models */ = {
			isa = PBXGroup;
			children = (
				3956A9CB2B097552002CA5D0 /* GetTables.swift */,
				3956A9C72B08B7AC002CA5D0 /* LoginUser.swift */,
				39D76C0B2B0C8B0100E23D65 /* WordStruct.swift */,
			);
			path = Models;
			sourceTree = "<group>";
		};
/* End PBXGroup section */

/* Begin PBXNativeTarget section */
		3956A9902B0897C3002CA5D0 /* word-app-ios */ = {
			isa = PBXNativeTarget;
			buildConfigurationList = 3956A9B52B0897C6002CA5D0 /* Build configuration list for PBXNativeTarget "word-app-ios" */;
			buildPhases = (
				3956A98D2B0897C3002CA5D0 /* Sources */,
				3956A98E2B0897C3002CA5D0 /* Frameworks */,
				3956A98F2B0897C3002CA5D0 /* Resources */,
			);
			buildRules = (
			);
			dependencies = (
			);
			name = "word-app-ios";
			productName = "word-app-ios";
			productReference = 3956A9912B0897C3002CA5D0 /* word-app-ios.app */;
			productType = "com.apple.product-type.application";
		};
		3956A9A02B0897C6002CA5D0 /* word-app-iosTests */ = {
			isa = PBXNativeTarget;
			buildConfigurationList = 3956A9B82B0897C6002CA5D0 /* Build configuration list for PBXNativeTarget "word-app-iosTests" */;
			buildPhases = (
				3956A99D2B0897C6002CA5D0 /* Sources */,
				3956A99E2B0897C6002CA5D0 /* Frameworks */,
				3956A99F2B0897C6002CA5D0 /* Resources */,
			);
			buildRules = (
			);
			dependencies = (
				3956A9A32B0897C6002CA5D0 /* PBXTargetDependency */,
			);
			name = "word-app-iosTests";
			productName = "word-app-iosTests";
			productReference = 3956A9A12B0897C6002CA5D0 /* word-app-iosTests.xctest */;
			productType = "com.apple.product-type.bundle.unit-test";
		};
		3956A9AA2B0897C6002CA5D0 /* word-app-iosUITests */ = {
			isa = PBXNativeTarget;
			buildConfigurationList = 3956A9BB2B0897C6002CA5D0 /* Build configuration list for PBXNativeTarget "word-app-iosUITests" */;
			buildPhases = (
				3956A9A72B0897C6002CA5D0 /* Sources */,
				3956A9A82B0897C6002CA5D0 /* Frameworks */,
				3956A9A92B0897C6002CA5D0 /* Resources */,
			);
			buildRules = (
			);
			dependencies = (
				3956A9AD2B0897C6002CA5D0 /* PBXTargetDependency */,
			);
			name = "word-app-iosUITests";
			productName = "word-app-iosUITests";
			productReference = 3956A9AB2B0897C6002CA5D0 /* word-app-iosUITests.xctest */;
			productType = "com.apple.product-type.bundle.ui-testing";
		};
/* End PBXNativeTarget section */

/* Begin PBXProject section */
		3956A9892B0897C3002CA5D0 /* Project object */ = {
			isa = PBXProject;
			attributes = {
				BuildIndependentTargetsInParallel = 1;
				LastSwiftUpdateCheck = 1340;
				LastUpgradeCheck = 1340;
				TargetAttributes = {
					3956A9902B0897C3002CA5D0 = {
						CreatedOnToolsVersion = 13.4.1;
					};
					3956A9A02B0897C6002CA5D0 = {
						CreatedOnToolsVersion = 13.4.1;
						TestTargetID = 3956A9902B0897C3002CA5D0;
					};
					3956A9AA2B0897C6002CA5D0 = {
						CreatedOnToolsVersion = 13.4.1;
						TestTargetID = 3956A9902B0897C3002CA5D0;
					};
				};
			};
			buildConfigurationList = 3956A98C2B0897C3002CA5D0 /* Build configuration list for PBXProject "word-app-ios" */;
			compatibilityVersion = "Xcode 13.0";
			developmentRegion = en;
			hasScannedForEncodings = 0;
			knownRegions = (
				en,
				Base,
			);
			mainGroup = 3956A9882B0897C3002CA5D0;
			productRefGroup = 3956A9922B0897C3002CA5D0 /* Products */;
			projectDirPath = "";
			projectRoot = "";
			targets = (
				3956A9902B0897C3002CA5D0 /* word-app-ios */,
				3956A9A02B0897C6002CA5D0 /* word-app-iosTests */,
				3956A9AA2B0897C6002CA5D0 /* word-app-iosUITests */,
			);
		};
/* End PBXProject section */

/* Begin PBXResourcesBuildPhase section */
		3956A98F2B0897C3002CA5D0 /* Resources */ = {
			isa = PBXResourcesBuildPhase;
			buildActionMask = 2147483647;
			files = (
				3956A99C2B0897C6002CA5D0 /* Preview Assets.xcassets in Resources */,
				3956A9992B0897C6002CA5D0 /* Assets.xcassets in Resources */,
			);
			runOnlyForDeploymentPostprocessing = 0;
		};
		3956A99F2B0897C6002CA5D0 /* Resources */ = {
			isa = PBXResourcesBuildPhase;
			buildActionMask = 2147483647;
			files = (
			);
			runOnlyForDeploymentPostprocessing = 0;
		};
		3956A9A92B0897C6002CA5D0 /* Resources */ = {
			isa = PBXResourcesBuildPhase;
			buildActionMask = 2147483647;
			files = (
			);
			runOnlyForDeploymentPostprocessing = 0;
		};
/* End PBXResourcesBuildPhase section */

/* Begin PBXSourcesBuildPhase section */
		3956A98D2B0897C3002CA5D0 /* Sources */ = {
			isa = PBXSourcesBuildPhase;
			buildActionMask = 2147483647;
			files = (
				3956A9C82B08B7AC002CA5D0 /* LoginUser.swift in Sources */,
				39D76C0E2B0C96A000E23D65 /* TableView.swift in Sources */,
				3956A9C12B089CB9002CA5D0 /* MeView.swift in Sources */,
				39D76C0A2B0C88F600E23D65 /* WordApi.swift in Sources */,
				39608E3F2B09B19400071EEB /* ItemButton.swift in Sources */,
				39608E412B09B50000071EEB /* ActionButton.swift in Sources */,
				39608E3C2B09AC5700071EEB /* Config.swift in Sources */,
				3956A9C52B08B023002CA5D0 /* UserApi.swift in Sources */,
				3956A9BF2B089C8D002CA5D0 /* HomeView.swift in Sources */,
				3956A9CA2B097458002CA5D0 /* TableApi.swift in Sources */,
				39D76C102B0C9C0000E23D65 /* CreateWordView.swift in Sources */,
				3956A9CC2B097552002CA5D0 /* GetTables.swift in Sources */,
				39D76C0C2B0C8B0100E23D65 /* WordStruct.swift in Sources */,
				3956A9972B0897C3002CA5D0 /* ContentView.swift in Sources */,
				3956A9952B0897C3002CA5D0 /* word_app_iosApp.swift in Sources */,
				39327AED2B0AA674002090C6 /* CreateTableView.swift in Sources */,
			);
			runOnlyForDeploymentPostprocessing = 0;
		};
		3956A99D2B0897C6002CA5D0 /* Sources */ = {
			isa = PBXSourcesBuildPhase;
			buildActionMask = 2147483647;
			files = (
				3956A9A62B0897C6002CA5D0 /* word_app_iosTests.swift in Sources */,
			);
			runOnlyForDeploymentPostprocessing = 0;
		};
		3956A9A72B0897C6002CA5D0 /* Sources */ = {
			isa = PBXSourcesBuildPhase;
			buildActionMask = 2147483647;
			files = (
				3956A9B22B0897C6002CA5D0 /* word_app_iosUITestsLaunchTests.swift in Sources */,
				3956A9B02B0897C6002CA5D0 /* word_app_iosUITests.swift in Sources */,
			);
			runOnlyForDeploymentPostprocessing = 0;
		};
/* End PBXSourcesBuildPhase section */

/* Begin PBXTargetDependency section */
		3956A9A32B0897C6002CA5D0 /* PBXTargetDependency */ = {
			isa = PBXTargetDependency;
			target = 3956A9902B0897C3002CA5D0 /* word-app-ios */;
			targetProxy = 3956A9A22B0897C6002CA5D0 /* PBXContainerItemProxy */;
		};
		3956A9AD2B0897C6002CA5D0 /* PBXTargetDependency */ = {
			isa = PBXTargetDependency;
			target = 3956A9902B0897C3002CA5D0 /* word-app-ios */;
			targetProxy = 3956A9AC2B0897C6002CA5D0 /* PBXContainerItemProxy */;
		};
/* End PBXTargetDependency section */

/* Begin XCBuildConfiguration section */
		3956A9B32B0897C6002CA5D0 /* Debug */ = {
			isa = XCBuildConfiguration;
			buildSettings = {
				ALWAYS_SEARCH_USER_PATHS = NO;
				CLANG_ANALYZER_NONNULL = YES;
				CLANG_ANALYZER_NUMBER_OBJECT_CONVERSION = YES_AGGRESSIVE;
				CLANG_CXX_LANGUAGE_STANDARD = "gnu++17";
				CLANG_ENABLE_MODULES = YES;
				CLANG_ENABLE_OBJC_ARC = YES;
				CLANG_ENABLE_OBJC_WEAK = YES;
				CLANG_WARN_BLOCK_CAPTURE_AUTORELEASING = YES;
				CLANG_WARN_BOOL_CONVERSION = YES;
				CLANG_WARN_COMMA = YES;
				CLANG_WARN_CONSTANT_CONVERSION = YES;
				CLANG_WARN_DEPRECATED_OBJC_IMPLEMENTATIONS = YES;
				CLANG_WARN_DIRECT_OBJC_ISA_USAGE = YES_ERROR;
				CLANG_WARN_DOCUMENTATION_COMMENTS = YES;
				CLANG_WARN_EMPTY_BODY = YES;
				CLANG_WARN_ENUM_CONVERSION = YES;
				CLANG_WARN_INFINITE_RECURSION = YES;
				CLANG_WARN_INT_CONVERSION = YES;
				CLANG_WARN_NON_LITERAL_NULL_CONVERSION = YES;
				CLANG_WARN_OBJC_IMPLICIT_RETAIN_SELF = YES;
				CLANG_WARN_OBJC_LITERAL_CONVERSION = YES;
				CLANG_WARN_OBJC_ROOT_CLASS = YES_ERROR;
				CLANG_WARN_QUOTED_INCLUDE_IN_FRAMEWORK_HEADER = YES;
				CLANG_WARN_RANGE_LOOP_ANALYSIS = YES;
				CLANG_WARN_STRICT_PROTOTYPES = YES;
				CLANG_WARN_SUSPICIOUS_MOVE = YES;
				CLANG_WARN_UNGUARDED_AVAILABILITY = YES_AGGRESSIVE;
				CLANG_WARN_UNREACHABLE_CODE = YES;
				CLANG_WARN__DUPLICATE_METHOD_MATCH = YES;
				COPY_PHASE_STRIP = NO;
				DEBUG_INFORMATION_FORMAT = dwarf;
				ENABLE_STRICT_OBJC_MSGSEND = YES;
				ENABLE_TESTABILITY = YES;
				GCC_C_LANGUAGE_STANDARD = gnu11;
				GCC_DYNAMIC_NO_PIC = NO;
				GCC_NO_COMMON_BLOCKS = YES;
				GCC_OPTIMIZATION_LEVEL = 0;
				GCC_PREPROCESSOR_DEFINITIONS = (
					"DEBUG=1",
					"$(inherited)",
				);
				GCC_WARN_64_TO_32_BIT_CONVERSION = YES;
				GCC_WARN_ABOUT_RETURN_TYPE = YES_ERROR;
				GCC_WARN_UNDECLARED_SELECTOR = YES;
				GCC_WARN_UNINITIALIZED_AUTOS = YES_AGGRESSIVE;
				GCC_WARN_UNUSED_FUNCTION = YES;
				GCC_WARN_UNUSED_VARIABLE = YES;
				IPHONEOS_DEPLOYMENT_TARGET = 17.0;
				MTL_ENABLE_DEBUG_INFO = INCLUDE_SOURCE;
				MTL_FAST_MATH = YES;
				ONLY_ACTIVE_ARCH = YES;
				SDKROOT = iphoneos;
				SWIFT_ACTIVE_COMPILATION_CONDITIONS = DEBUG;
				SWIFT_OPTIMIZATION_LEVEL = "-Onone";
			};
			name = Debug;
		};
		3956A9B42B0897C6002CA5D0 /* Release */ = {
			isa = XCBuildConfiguration;
			buildSettings = {
				ALWAYS_SEARCH_USER_PATHS = NO;
				CLANG_ANALYZER_NONNULL = YES;
				CLANG_ANALYZER_NUMBER_OBJECT_CONVERSION = YES_AGGRESSIVE;
				CLANG_CXX_LANGUAGE_STANDARD = "gnu++17";
				CLANG_ENABLE_MODULES = YES;
				CLANG_ENABLE_OBJC_ARC = YES;
				CLANG_ENABLE_OBJC_WEAK = YES;
				CLANG_WARN_BLOCK_CAPTURE_AUTORELEASING = YES;
				CLANG_WARN_BOOL_CONVERSION = YES;
				CLANG_WARN_COMMA = YES;
				CLANG_WARN_CONSTANT_CONVERSION = YES;
				CLANG_WARN_DEPRECATED_OBJC_IMPLEMENTATIONS = YES;
				CLANG_WARN_DIRECT_OBJC_ISA_USAGE = YES_ERROR;
				CLANG_WARN_DOCUMENTATION_COMMENTS = YES;
				CLANG_WARN_EMPTY_BODY = YES;
				CLANG_WARN_ENUM_CONVERSION = YES;
				CLANG_WARN_INFINITE_RECURSION = YES;
				CLANG_WARN_INT_CONVERSION = YES;
				CLANG_WARN_NON_LITERAL_NULL_CONVERSION = YES;
				CLANG_WARN_OBJC_IMPLICIT_RETAIN_SELF = YES;
				CLANG_WARN_OBJC_LITERAL_CONVERSION = YES;
				CLANG_WARN_OBJC_ROOT_CLASS = YES_ERROR;
				CLANG_WARN_QUOTED_INCLUDE_IN_FRAMEWORK_HEADER = YES;
				CLANG_WARN_RANGE_LOOP_ANALYSIS = YES;
				CLANG_WARN_STRICT_PROTOTYPES = YES;
				CLANG_WARN_SUSPICIOUS_MOVE = YES;
				CLANG_WARN_UNGUARDED_AVAILABILITY = YES_AGGRESSIVE;
				CLANG_WARN_UNREACHABLE_CODE = YES;
				CLANG_WARN__DUPLICATE_METHOD_MATCH = YES;
				COPY_PHASE_STRIP = NO;
				DEBUG_INFORMATION_FORMAT = "dwarf-with-dsym";
				ENABLE_NS_ASSERTIONS = NO;
				ENABLE_STRICT_OBJC_MSGSEND = YES;
				GCC_C_LANGUAGE_STANDARD = gnu11;
				GCC_NO_COMMON_BLOCKS = YES;
				GCC_WARN_64_TO_32_BIT_CONVERSION = YES;
				GCC_WARN_ABOUT_RETURN_TYPE = YES_ERROR;
				GCC_WARN_UNDECLARED_SELECTOR = YES;
				GCC_WARN_UNINITIALIZED_AUTOS = YES_AGGRESSIVE;
				GCC_WARN_UNUSED_FUNCTION = YES;
				GCC_WARN_UNUSED_VARIABLE = YES;
				IPHONEOS_DEPLOYMENT_TARGET = 17.0;
				MTL_ENABLE_DEBUG_INFO = NO;
				MTL_FAST_MATH = YES;
				SDKROOT = iphoneos;
				SWIFT_COMPILATION_MODE = wholemodule;
				SWIFT_OPTIMIZATION_LEVEL = "-O";
				VALIDATE_PRODUCT = YES;
			};
			name = Release;
		};
		3956A9B62B0897C6002CA5D0 /* Debug */ = {
			isa = XCBuildConfiguration;
			buildSettings = {
				ASSETCATALOG_COMPILER_APPICON_NAME = AppIcon;
				ASSETCATALOG_COMPILER_GLOBAL_ACCENT_COLOR_NAME = AccentColor;
				CODE_SIGN_STYLE = Automatic;
				CURRENT_PROJECT_VERSION = 1;
				DEVELOPMENT_ASSET_PATHS = "\"word-app-ios/Preview Content\"";
				DEVELOPMENT_TEAM = QWAX6MMS3W;
				ENABLE_PREVIEWS = YES;
				GENERATE_INFOPLIST_FILE = YES;
				INFOPLIST_KEY_UIApplicationSceneManifest_Generation = YES;
				INFOPLIST_KEY_UIApplicationSupportsIndirectInputEvents = YES;
				INFOPLIST_KEY_UILaunchScreen_Generation = YES;
				INFOPLIST_KEY_UISupportedInterfaceOrientations_iPad = "UIInterfaceOrientationPortrait UIInterfaceOrientationPortraitUpsideDown UIInterfaceOrientationLandscapeLeft UIInterfaceOrientationLandscapeRight";
				INFOPLIST_KEY_UISupportedInterfaceOrientations_iPhone = "UIInterfaceOrientationPortrait UIInterfaceOrientationLandscapeLeft UIInterfaceOrientationLandscapeRight";
				LD_RUNPATH_SEARCH_PATHS = (
					"$(inherited)",
					"@executable_path/Frameworks",
				);
				MARKETING_VERSION = 1.0;
				PRODUCT_BUNDLE_IDENTIFIER = "kvnyijia.word-app-ios";
				PRODUCT_NAME = "$(TARGET_NAME)";
				SWIFT_EMIT_LOC_STRINGS = YES;
				SWIFT_VERSION = 5.0;
				TARGETED_DEVICE_FAMILY = "1,2";
			};
			name = Debug;
		};
		3956A9B72B0897C6002CA5D0 /* Release */ = {
			isa = XCBuildConfiguration;
			buildSettings = {
				ASSETCATALOG_COMPILER_APPICON_NAME = AppIcon;
				ASSETCATALOG_COMPILER_GLOBAL_ACCENT_COLOR_NAME = AccentColor;
				CODE_SIGN_STYLE = Automatic;
				CURRENT_PROJECT_VERSION = 1;
				DEVELOPMENT_ASSET_PATHS = "\"word-app-ios/Preview Content\"";
				DEVELOPMENT_TEAM = QWAX6MMS3W;
				ENABLE_PREVIEWS = YES;
				GENERATE_INFOPLIST_FILE = YES;
				INFOPLIST_KEY_UIApplicationSceneManifest_Generation = YES;
				INFOPLIST_KEY_UIApplicationSupportsIndirectInputEvents = YES;
				INFOPLIST_KEY_UILaunchScreen_Generation = YES;
				INFOPLIST_KEY_UISupportedInterfaceOrientations_iPad = "UIInterfaceOrientationPortrait UIInterfaceOrientationPortraitUpsideDown UIInterfaceOrientationLandscapeLeft UIInterfaceOrientationLandscapeRight";
				INFOPLIST_KEY_UISupportedInterfaceOrientations_iPhone = "UIInterfaceOrientationPortrait UIInterfaceOrientationLandscapeLeft UIInterfaceOrientationLandscapeRight";
				LD_RUNPATH_SEARCH_PATHS = (
					"$(inherited)",
					"@executable_path/Frameworks",
				);
				MARKETING_VERSION = 1.0;
				PRODUCT_BUNDLE_IDENTIFIER = "kvnyijia.word-app-ios";
				PRODUCT_NAME = "$(TARGET_NAME)";
				SWIFT_EMIT_LOC_STRINGS = YES;
				SWIFT_VERSION = 5.0;
				TARGETED_DEVICE_FAMILY = "1,2";
			};
			name = Release;
		};
		3956A9B92B0897C6002CA5D0 /* Debug */ = {
			isa = XCBuildConfiguration;
			buildSettings = {
				ALWAYS_EMBED_SWIFT_STANDARD_LIBRARIES = YES;
				BUNDLE_LOADER = "$(TEST_HOST)";
				CODE_SIGN_STYLE = Automatic;
				CURRENT_PROJECT_VERSION = 1;
				DEVELOPMENT_TEAM = QWAX6MMS3W;
				GENERATE_INFOPLIST_FILE = YES;
				IPHONEOS_DEPLOYMENT_TARGET = 15.5;
				MARKETING_VERSION = 1.0;
				PRODUCT_BUNDLE_IDENTIFIER = "kvnyijia.word-app-iosTests";
				PRODUCT_NAME = "$(TARGET_NAME)";
				SWIFT_EMIT_LOC_STRINGS = NO;
				SWIFT_VERSION = 5.0;
				TARGETED_DEVICE_FAMILY = "1,2";
				TEST_HOST = "$(BUILT_PRODUCTS_DIR)/word-app-ios.app/word-app-ios";
			};
			name = Debug;
		};
		3956A9BA2B0897C6002CA5D0 /* Release */ = {
			isa = XCBuildConfiguration;
			buildSettings = {
				ALWAYS_EMBED_SWIFT_STANDARD_LIBRARIES = YES;
				BUNDLE_LOADER = "$(TEST_HOST)";
				CODE_SIGN_STYLE = Automatic;
				CURRENT_PROJECT_VERSION = 1;
				DEVELOPMENT_TEAM = QWAX6MMS3W;
				GENERATE_INFOPLIST_FILE = YES;
				IPHONEOS_DEPLOYMENT_TARGET = 15.5;
				MARKETING_VERSION = 1.0;
				PRODUCT_BUNDLE_IDENTIFIER = "kvnyijia.word-app-iosTests";
				PRODUCT_NAME = "$(TARGET_NAME)";
				SWIFT_EMIT_LOC_STRINGS = NO;
				SWIFT_VERSION = 5.0;
				TARGETED_DEVICE_FAMILY = "1,2";
				TEST_HOST = "$(BUILT_PRODUCTS_DIR)/word-app-ios.app/word-app-ios";
			};
			name = Release;
		};
		3956A9BC2B0897C6002CA5D0 /* Debug */ = {
			isa = XCBuildConfiguration;
			buildSettings = {
				ALWAYS_EMBED_SWIFT_STANDARD_LIBRARIES = YES;
				CODE_SIGN_STYLE = Automatic;
				CURRENT_PROJECT_VERSION = 1;
				DEVELOPMENT_TEAM = QWAX6MMS3W;
				GENERATE_INFOPLIST_FILE = YES;
				MARKETING_VERSION = 1.0;
				PRODUCT_BUNDLE_IDENTIFIER = "kvnyijia.word-app-iosUITests";
				PRODUCT_NAME = "$(TARGET_NAME)";
				SWIFT_EMIT_LOC_STRINGS = NO;
				SWIFT_VERSION = 5.0;
				TARGETED_DEVICE_FAMILY = "1,2";
				TEST_TARGET_NAME = "word-app-ios";
			};
			name = Debug;
		};
		3956A9BD2B0897C6002CA5D0 /* Release */ = {
			isa = XCBuildConfiguration;
			buildSettings = {
				ALWAYS_EMBED_SWIFT_STANDARD_LIBRARIES = YES;
				CODE_SIGN_STYLE = Automatic;
				CURRENT_PROJECT_VERSION = 1;
				DEVELOPMENT_TEAM = QWAX6MMS3W;
				GENERATE_INFOPLIST_FILE = YES;
				MARKETING_VERSION = 1.0;
				PRODUCT_BUNDLE_IDENTIFIER = "kvnyijia.word-app-iosUITests";
				PRODUCT_NAME = "$(TARGET_NAME)";
				SWIFT_EMIT_LOC_STRINGS = NO;
				SWIFT_VERSION = 5.0;
				TARGETED_DEVICE_FAMILY = "1,2";
				TEST_TARGET_NAME = "word-app-ios";
			};
			name = Release;
		};
/* End XCBuildConfiguration section */

/* Begin XCConfigurationList section */
		3956A98C2B0897C3002CA5D0 /* Build configuration list for PBXProject "word-app-ios" */ = {
			isa = XCConfigurationList;
			buildConfigurations = (
				3956A9B32B0897C6002CA5D0 /* Debug */,
				3956A9B42B0897C6002CA5D0 /* Release */,
			);
			defaultConfigurationIsVisible = 0;
			defaultConfigurationName = Release;
		};
		3956A9B52B0897C6002CA5D0 /* Build configuration list for PBXNativeTarget "word-app-ios" */ = {
			isa = XCConfigurationList;
			buildConfigurations = (
				3956A9B62B0897C6002CA5D0 /* Debug */,
				3956A9B72B0897C6002CA5D0 /* Release */,
			);
			defaultConfigurationIsVisible = 0;
			defaultConfigurationName = Release;
		};
		3956A9B82B0897C6002CA5D0 /* Build configuration list for PBXNativeTarget "word-app-iosTests" */ = {
			isa = XCConfigurationList;
			buildConfigurations = (
				3956A9B92B0897C6002CA5D0 /* Debug */,
				3956A9BA2B0897C6002CA5D0 /* Release */,
			);
			defaultConfigurationIsVisible = 0;
			defaultConfigurationName = Release;
		};
		3956A9BB2B0897C6002CA5D0 /* Build configuration list for PBXNativeTarget "word-app-iosUITests" */ = {
			isa = XCConfigurationList;
			buildConfigurations = (
				3956A9BC2B0897C6002CA5D0 /* Debug */,
				3956A9BD2B0897C6002CA5D0 /* Release */,
			);
			defaultConfigurationIsVisible = 0;
			defaultConfigurationName = Release;
		};
/* End XCConfigurationList section */
	};
	rootObject = 3956A9892B0897C3002CA5D0 /* Project object */;
}
